
Microsoft Visual Studio Solution File, Format Version 12.00
# Visual Studio Version 16
VisualStudioVersion = 16.0.30503.244
MinimumVisualStudioVersion = 10.0.40219.1
Project("{FAE04EC0-301F-11D3-BF4B-00C04F79EFBC}") = "PastebinScraperLib", "PastebinScraperLib\PastebinScraperLib.csproj", "{5B623AD9-3015-4F5F-9C0B-8F242234E203}"
EndProject
Project("{FAE04EC0-301F-11D3-BF4B-00C04F79EFBC}") = "PastebinScraperCLI", "PastebinScraperCLI\PastebinScraperCLI.csproj", "{19ACD80D-3A4D-4E1D-9804-6C29DDC8B738}"
EndProject
Project("{FAE04EC0-301F-11D3-BF4B-00C04F79EFBC}") = "PastebinScraperGUI", "PastebinScraperGUI\PastebinScraperGUI.csproj", "{87970117-1055-478C-B236-80CB82F75F01}"
EndProject
Global
	GlobalSection(SolutionConfigurationPlatforms) = preSolution
		Debug|Any CPU = Debug|Any CPU
		Release|Any CPU = Release|Any CPU
	EndGlobalSection
	GlobalSection(ProjectConfigurationPlatforms) = postSolution
		{5B623AD9-3015-4F5F-9C0B-8F242234E203}.Debug|Any CPU.ActiveCfg = Debug|Any CPU
		{5B623AD9-3015-4F5F-9C0B-8F242234E203}.Debug|Any CPU.Build.0 = Debug|Any CPU
		{5B623AD9-3015-4F5F-9C0B-8F242234E203}.Release|Any CPU.ActiveCfg = Release|Any CPU
		{5B623AD9-3015-4F5F-9C0B-8F242234E203}.Release|Any CPU.Build.0 = Release|Any CPU
		{19ACD80D-3A4D-4E1D-9804-6C29DDC8B738}.Debug|Any CPU.ActiveCfg = Debug|Any CPU
		{19ACD80D-3A4D-4E1D-9804-6C29DDC8B738}.Debug|Any CPU.Build.0 = Debug|Any CPU
		{19ACD80D-3A4D-4E1D-9804-6C29DDC8B738}.Release|Any CPU.ActiveCfg = Release|Any CPU
		{19ACD80D-3A4D-4E1D-9804-6C29DDC8B738}.Release|Any CPU.Build.0 = Release|Any CPU
		{87970117-1055-478C-B236-80CB82F75F01}.Debug|Any CPU.ActiveCfg = Debug|Any CPU
		{87970117-1055-478C-B236-80CB82F75F01}.Debug|Any CPU.Build.0 = Debug|Any CPU
		{87970117-1055-478C-B236-80CB82F75F01}.Release|Any CPU.ActiveCfg = Release|Any CPU
		{87970117-1055-478C-B236-80CB82F75F01}.Release|Any CPU.Build.0 = Release|Any CPU
	EndGlobalSection
	GlobalSection(SolutionProperties) = preSolution
		HideSolutionNode = FALSE
	EndGlobalSection
	GlobalSection(ExtensibilityGlobals) = postSolution
		SolutionGuid = {E9C524F2-3D0C-42FE-911B-6B7B3419964F}
	EndGlobalSection
EndGlobal
